
Microsoft Visual Studio Solution File, Format Version 12.00
# Visual Studio Version 16
VisualStudioVersion = 16.0.31729.503
MinimumVisualStudioVersion = 10.0.40219.1
Project("{FAE04EC0-301F-11D3-BF4B-00C04F79EFBC}") = "FizzBuzz", "FizzBuzz.csproj", "{4D88BCF4-AD16-4505-B9C5-2E510D37075A}"
EndProject
Global
	GlobalSection(SolutionConfigurationPlatforms) = preSolution
		Debug|Any CPU = Debug|Any CPU
		Release|Any CPU = Release|Any CPU
	EndGlobalSection
	GlobalSection(ProjectConfigurationPlatforms) = postSolution
		{4D88BCF4-AD16-4505-B9C5-2E510D37075A}.Debug|Any CPU.ActiveCfg = Debug|Any CPU
		{4D88BCF4-AD16-4505-B9C5-2E510D37075A}.Debug|Any CPU.Build.0 = Debug|Any CPU
		{4D88BCF4-AD16-4505-B9C5-2E510D37075A}.Release|Any CPU.ActiveCfg = Release|Any CPU
		{4D88BCF4-AD16-4505-B9C5-2E510D37075A}.Release|Any CPU.Build.0 = Release|Any CPU
	EndGlobalSection
	GlobalSection(SolutionProperties) = preSolution
		HideSolutionNode = FALSE
	EndGlobalSection
	GlobalSection(ExtensibilityGlobals) = postSolution
		SolutionGuid = {C3990A69-6567-4A32-9533-8EE7D0F01980}
	EndGlobalSection
EndGlobal
